// !$*UTF8*$!
{
	archiveVersion = 1;
	classes = {
	};
	objectVersion = 46;
	objects = {

/* Begin PBXBuildFile section */
		1C8D4A2F19201461007CC334 /* Foundation.framework in Frameworks */ = {isa = PBXBuildFile; fileRef = 1C8D4A2E19201461007CC334 /* Foundation.framework */; };
		1C8D4A3119201461007CC334 /* CoreGraphics.framework in Frameworks */ = {isa = PBXBuildFile; fileRef = 1C8D4A3019201461007CC334 /* CoreGraphics.framework */; };
		1C8D4A3319201461007CC334 /* UIKit.framework in Frameworks */ = {isa = PBXBuildFile; fileRef = 1C8D4A3219201461007CC334 /* UIKit.framework */; };
		1C8D4A3919201461007CC334 /* InfoPlist.strings in Resources */ = {isa = PBXBuildFile; fileRef = 1C8D4A3719201461007CC334 /* InfoPlist.strings */; };
		1C8D4A3B19201461007CC334 /* main.m in Sources */ = {isa = PBXBuildFile; fileRef = 1C8D4A3A19201461007CC334 /* main.m */; };
		1C8D4A3F19201461007CC334 /* AppDelegate.m in Sources */ = {isa = PBXBuildFile; fileRef = 1C8D4A3E19201461007CC334 /* AppDelegate.m */; };
		1C8D4A4219201461007CC334 /* Main.storyboard in Resources */ = {isa = PBXBuildFile; fileRef = 1C8D4A4019201461007CC334 /* Main.storyboard */; };
		1C8D4A4519201461007CC334 /* ViewController.m in Sources */ = {isa = PBXBuildFile; fileRef = 1C8D4A4419201461007CC334 /* ViewController.m */; };
		1C8D4A4719201461007CC334 /* Images.xcassets in Resources */ = {isa = PBXBuildFile; fileRef = 1C8D4A4619201461007CC334 /* Images.xcassets */; };
		1C8D4A4E19201461007CC334 /* XCTest.framework in Frameworks */ = {isa = PBXBuildFile; fileRef = 1C8D4A4D19201461007CC334 /* XCTest.framework */; };
		1C8D4A4F19201461007CC334 /* Foundation.framework in Frameworks */ = {isa = PBXBuildFile; fileRef = 1C8D4A2E19201461007CC334 /* Foundation.framework */; };
		1C8D4A5019201461007CC334 /* UIKit.framework in Frameworks */ = {isa = PBXBuildFile; fileRef = 1C8D4A3219201461007CC334 /* UIKit.framework */; };
		1C8D4A5819201461007CC334 /* InfoPlist.strings in Resources */ = {isa = PBXBuildFile; fileRef = 1C8D4A5619201461007CC334 /* InfoPlist.strings */; };
		1C8D4A5A19201461007CC334 /* __7__Tests.m in Sources */ = {isa = PBXBuildFile; fileRef = 1C8D4A5919201461007CC334 /* __7__Tests.m */; };
		1C8D4A6C192017AC007CC334 /* SecondViewController.m in Sources */ = {isa = PBXBuildFile; fileRef = 1C8D4A6A192017AC007CC334 /* SecondViewController.m */; };
		1C8D4A6D192017AC007CC334 /* SecondViewController.xib in Resources */ = {isa = PBXBuildFile; fileRef = 1C8D4A6B192017AC007CC334 /* SecondViewController.xib */; };
/* End PBXBuildFile section */

/* Begin PBXContainerItemProxy section */
		1C8D4A5119201461007CC334 /* PBXContainerItemProxy */ = {
			isa = PBXContainerItemProxy;
			containerPortal = 1C8D4A2319201461007CC334 /* Project object */;
			proxyType = 1;
			remoteGlobalIDString = 1C8D4A2A19201461007CC334;
			remoteInfo = "1-7課題";
		};
/* End PBXContainerItemProxy section */

/* Begin PBXFileReference section */
		1C8D4A2B19201461007CC334 /* 1-7課題.app */ = {isa = PBXFileReference; explicitFileType = wrapper.application; includeInIndex = 0; path = "1-7課題.app"; sourceTree = BUILT_PRODUCTS_DIR; };
		1C8D4A2E19201461007CC334 /* Foundation.framework */ = {isa = PBXFileReference; lastKnownFileType = wrapper.framework; name = Foundation.framework; path = System/Library/Frameworks/Foundation.framework; sourceTree = SDKROOT; };
		1C8D4A3019201461007CC334 /* CoreGraphics.framework */ = {isa = PBXFileReference; lastKnownFileType = wrapper.framework; name = CoreGraphics.framework; path = System/Library/Frameworks/CoreGraphics.framework; sourceTree = SDKROOT; };
		1C8D4A3219201461007CC334 /* UIKit.framework */ = {isa = PBXFileReference; lastKnownFileType = wrapper.framework; name = UIKit.framework; path = System/Library/Frameworks/UIKit.framework; sourceTree = SDKROOT; };
		1C8D4A3619201461007CC334 /* 1-7課題-Info.plist */ = {isa = PBXFileReference; lastKnownFileType = text.plist.xml; path = "1-7課題-Info.plist"; sourceTree = "<group>"; };
		1C8D4A3819201461007CC334 /* en */ = {isa = PBXFileReference; lastKnownFileType = text.plist.strings; name = en; path = en.lproj/InfoPlist.strings; sourceTree = "<group>"; };
		1C8D4A3A19201461007CC334 /* main.m */ = {isa = PBXFileReference; lastKnownFileType = sourcecode.c.objc; path = main.m; sourceTree = "<group>"; };
		1C8D4A3C19201461007CC334 /* 1-7課題-Prefix.pch */ = {isa = PBXFileReference; lastKnownFileType = sourcecode.c.h; path = "1-7課題-Prefix.pch"; sourceTree = "<group>"; };
		1C8D4A3D19201461007CC334 /* AppDelegate.h */ = {isa = PBXFileReference; lastKnownFileType = sourcecode.c.h; path = AppDelegate.h; sourceTree = "<group>"; };
		1C8D4A3E19201461007CC334 /* AppDelegate.m */ = {isa = PBXFileReference; lastKnownFileType = sourcecode.c.objc; path = AppDelegate.m; sourceTree = "<group>"; };
		1C8D4A4119201461007CC334 /* Base */ = {isa = PBXFileReference; lastKnownFileType = file.storyboard; name = Base; path = Base.lproj/Main.storyboard; sourceTree = "<group>"; };
		1C8D4A4319201461007CC334 /* ViewController.h */ = {isa = PBXFileReference; lastKnownFileType = sourcecode.c.h; path = ViewController.h; sourceTree = "<group>"; };
		1C8D4A4419201461007CC334 /* ViewController.m */ = {isa = PBXFileReference; lastKnownFileType = sourcecode.c.objc; path = ViewController.m; sourceTree = "<group>"; };
		1C8D4A4619201461007CC334 /* Images.xcassets */ = {isa = PBXFileReference; lastKnownFileType = folder.assetcatalog; path = Images.xcassets; sourceTree = "<group>"; };
		1C8D4A4C19201461007CC334 /* 1-7課題Tests.xctest */ = {isa = PBXFileReference; explicitFileType = wrapper.cfbundle; includeInIndex = 0; path = "1-7課題Tests.xctest"; sourceTree = BUILT_PRODUCTS_DIR; };
		1C8D4A4D19201461007CC334 /* XCTest.framework */ = {isa = PBXFileReference; lastKnownFileType = wrapper.framework; name = XCTest.framework; path = Library/Frameworks/XCTest.framework; sourceTree = DEVELOPER_DIR; };
		1C8D4A5519201461007CC334 /* 1-7課題Tests-Info.plist */ = {isa = PBXFileReference; lastKnownFileType = text.plist.xml; path = "1-7課題Tests-Info.plist"; sourceTree = "<group>"; };
		1C8D4A5719201461007CC334 /* en */ = {isa = PBXFileReference; lastKnownFileType = text.plist.strings; name = en; path = en.lproj/InfoPlist.strings; sourceTree = "<group>"; };
		1C8D4A5919201461007CC334 /* __7__Tests.m */ = {isa = PBXFileReference; lastKnownFileType = sourcecode.c.objc; path = __7__Tests.m; sourceTree = "<group>"; };
		1C8D4A69192017AC007CC334 /* SecondViewController.h */ = {isa = PBXFileReference; fileEncoding = 4; lastKnownFileType = sourcecode.c.h; name = SecondViewController.h; path = ../SecondViewController.h; sourceTree = "<group>"; };
		1C8D4A6A192017AC007CC334 /* SecondViewController.m */ = {isa = PBXFileReference; fileEncoding = 4; lastKnownFileType = sourcecode.c.objc; name = SecondViewController.m; path = ../SecondViewController.m; sourceTree = "<group>"; };
		1C8D4A6B192017AC007CC334 /* SecondViewController.xib */ = {isa = PBXFileReference; fileEncoding = 4; lastKnownFileType = file.xib; name = SecondViewController.xib; path = ../SecondViewController.xib; sourceTree = "<group>"; };
/* End PBXFileReference section */

/* Begin PBXFrameworksBuildPhase section */
		1C8D4A2819201461007CC334 /* Frameworks */ = {
			isa = PBXFrameworksBuildPhase;
			buildActionMask = 2147483647;
			files = (
				1C8D4A3119201461007CC334 /* CoreGraphics.framework in Frameworks */,
				1C8D4A3319201461007CC334 /* UIKit.framework in Frameworks */,
				1C8D4A2F19201461007CC334 /* Foundation.framework in Frameworks */,
			);
			runOnlyForDeploymentPostprocessing = 0;
		};
		1C8D4A4919201461007CC334 /* Frameworks */ = {
			isa = PBXFrameworksBuildPhase;
			buildActionMask = 2147483647;
			files = (
				1C8D4A4E19201461007CC334 /* XCTest.framework in Frameworks */,
				1C8D4A5019201461007CC334 /* UIKit.framework in Frameworks */,
				1C8D4A4F19201461007CC334 /* Foundation.framework in Frameworks */,
			);
			runOnlyForDeploymentPostprocessing = 0;
		};
/* End PBXFrameworksBuildPhase section */

/* Begin PBXGroup section */
		1C8D4A2219201461007CC334 = {
			isa = PBXGroup;
			children = (
				1C8D4A3419201461007CC334 /* 1-7課題 */,
				1C8D4A5319201461007CC334 /* 1-7課題Tests */,
				1C8D4A2D19201461007CC334 /* Frameworks */,
				1C8D4A2C19201461007CC334 /* Products */,
			);
			sourceTree = "<group>";
		};
		1C8D4A2C19201461007CC334 /* Products */ = {
			isa = PBXGroup;
			children = (
				1C8D4A2B19201461007CC334 /* 1-7課題.app */,
				1C8D4A4C19201461007CC334 /* 1-7課題Tests.xctest */,
			);
			name = Products;
			sourceTree = "<group>";
		};
		1C8D4A2D19201461007CC334 /* Frameworks */ = {
			isa = PBXGroup;
			children = (
				1C8D4A2E19201461007CC334 /* Foundation.framework */,
				1C8D4A3019201461007CC334 /* CoreGraphics.framework */,
				1C8D4A3219201461007CC334 /* UIKit.framework */,
				1C8D4A4D19201461007CC334 /* XCTest.framework */,
			);
			name = Frameworks;
			sourceTree = "<group>";
		};
		1C8D4A3419201461007CC334 /* 1-7課題 */ = {
			isa = PBXGroup;
			children = (
				1C8D4A3D19201461007CC334 /* AppDelegate.h */,
				1C8D4A3E19201461007CC334 /* AppDelegate.m */,
				1C8D4A4019201461007CC334 /* Main.storyboard */,
				1C8D4A4319201461007CC334 /* ViewController.h */,
				1C8D4A4419201461007CC334 /* ViewController.m */,
				1C8D4A69192017AC007CC334 /* SecondViewController.h */,
				1C8D4A6A192017AC007CC334 /* SecondViewController.m */,
				1C8D4A6B192017AC007CC334 /* SecondViewController.xib */,
				1C8D4A4619201461007CC334 /* Images.xcassets */,
				1C8D4A3519201461007CC334 /* Supporting Files */,
			);
			path = "1-7課題";
			sourceTree = "<group>";
		};
		1C8D4A3519201461007CC334 /* Supporting Files */ = {
			isa = PBXGroup;
			children = (
				1C8D4A3619201461007CC334 /* 1-7課題-Info.plist */,
				1C8D4A3719201461007CC334 /* InfoPlist.strings */,
				1C8D4A3A19201461007CC334 /* main.m */,
				1C8D4A3C19201461007CC334 /* 1-7課題-Prefix.pch */,
			);
			name = "Supporting Files";
			sourceTree = "<group>";
		};
		1C8D4A5319201461007CC334 /* 1-7課題Tests */ = {
			isa = PBXGroup;
			children = (
				1C8D4A5919201461007CC334 /* __7__Tests.m */,
				1C8D4A5419201461007CC334 /* Supporting Files */,
			);
			path = "1-7課題Tests";
			sourceTree = "<group>";
		};
		1C8D4A5419201461007CC334 /* Supporting Files */ = {
			isa = PBXGroup;
			children = (
				1C8D4A5519201461007CC334 /* 1-7課題Tests-Info.plist */,
				1C8D4A5619201461007CC334 /* InfoPlist.strings */,
			);
			name = "Supporting Files";
			sourceTree = "<group>";
		};
/* End PBXGroup section */

/* Begin PBXNativeTarget section */
		1C8D4A2A19201461007CC334 /* 1-7課題 */ = {
			isa = PBXNativeTarget;
			buildConfigurationList = 1C8D4A5D19201461007CC334 /* Build configuration list for PBXNativeTarget "1-7課題" */;
			buildPhases = (
				1C8D4A2719201461007CC334 /* Sources */,
				1C8D4A2819201461007CC334 /* Frameworks */,
				1C8D4A2919201461007CC334 /* Resources */,
			);
			buildRules = (
			);
			dependencies = (
			);
			name = "1-7課題";
			productName = "1-7課題";
			productReference = 1C8D4A2B19201461007CC334 /* 1-7課題.app */;
			productType = "com.apple.product-type.application";
		};
		1C8D4A4B19201461007CC334 /* 1-7課題Tests */ = {
			isa = PBXNativeTarget;
			buildConfigurationList = 1C8D4A6019201461007CC334 /* Build configuration list for PBXNativeTarget "1-7課題Tests" */;
			buildPhases = (
				1C8D4A4819201461007CC334 /* Sources */,
				1C8D4A4919201461007CC334 /* Frameworks */,
				1C8D4A4A19201461007CC334 /* Resources */,
			);
			buildRules = (
			);
			dependencies = (
				1C8D4A5219201461007CC334 /* PBXTargetDependency */,
			);
			name = "1-7課題Tests";
			productName = "1-7課題Tests";
			productReference = 1C8D4A4C19201461007CC334 /* 1-7課題Tests.xctest */;
			productType = "com.apple.product-type.bundle.unit-test";
		};
/* End PBXNativeTarget section */

/* Begin PBXProject section */
		1C8D4A2319201461007CC334 /* Project object */ = {
			isa = PBXProject;
			attributes = {
				LastUpgradeCheck = 0510;
				ORGANIZATIONNAME = "kawashima yoshihiro";
				TargetAttributes = {
					1C8D4A4B19201461007CC334 = {
						TestTargetID = 1C8D4A2A19201461007CC334;
					};
				};
			};
			buildConfigurationList = 1C8D4A2619201461007CC334 /* Build configuration list for PBXProject "1-7課題" */;
			compatibilityVersion = "Xcode 3.2";
			developmentRegion = English;
			hasScannedForEncodings = 0;
			knownRegions = (
				en,
				Base,
			);
			mainGroup = 1C8D4A2219201461007CC334;
			productRefGroup = 1C8D4A2C19201461007CC334 /* Products */;
			projectDirPath = "";
			projectRoot = "";
			targets = (
				1C8D4A2A19201461007CC334 /* 1-7課題 */,
				1C8D4A4B19201461007CC334 /* 1-7課題Tests */,
			);
		};
/* End PBXProject section */

/* Begin PBXResourcesBuildPhase section */
		1C8D4A2919201461007CC334 /* Resources */ = {
			isa = PBXResourcesBuildPhase;
			buildActionMask = 2147483647;
			files = (
				1C8D4A6D192017AC007CC334 /* SecondViewController.xib in Resources */,
				1C8D4A4719201461007CC334 /* Images.xcassets in Resources */,
				1C8D4A3919201461007CC334 /* InfoPlist.strings in Resources */,
				1C8D4A4219201461007CC334 /* Main.storyboard in Resources */,
			);
			runOnlyForDeploymentPostprocessing = 0;
		};
		1C8D4A4A19201461007CC334 /* Resources */ = {
			isa = PBXResourcesBuildPhase;
			buildActionMask = 2147483647;
			files = (
				1C8D4A5819201461007CC334 /* InfoPlist.strings in Resources */,
			);
			runOnlyForDeploymentPostprocessing = 0;
		};
/* End PBXResourcesBuildPhase section */

/* Begin PBXSourcesBuildPhase section */
		1C8D4A2719201461007CC334 /* Sources */ = {
			isa = PBXSourcesBuildPhase;
			buildActionMask = 2147483647;
			files = (
				1C8D4A6C192017AC007CC334 /* SecondViewController.m in Sources */,
				1C8D4A4519201461007CC334 /* ViewController.m in Sources */,
				1C8D4A3F19201461007CC334 /* AppDelegate.m in Sources */,
				1C8D4A3B19201461007CC334 /* main.m in Sources */,
			);
			runOnlyForDeploymentPostprocessing = 0;
		};
		1C8D4A4819201461007CC334 /* Sources */ = {
			isa = PBXSourcesBuildPhase;
			buildActionMask = 2147483647;
			files = (
				1C8D4A5A19201461007CC334 /* __7__Tests.m in Sources */,
			);
			runOnlyForDeploymentPostprocessing = 0;
		};
/* End PBXSourcesBuildPhase section */

/* Begin PBXTargetDependency section */
		1C8D4A5219201461007CC334 /* PBXTargetDependency */ = {
			isa = PBXTargetDependency;
			target = 1C8D4A2A19201461007CC334 /* 1-7課題 */;
			targetProxy = 1C8D4A5119201461007CC334 /* PBXContainerItemProxy */;
		};
/* End PBXTargetDependency section */

/* Begin PBXVariantGroup section */
		1C8D4A3719201461007CC334 /* InfoPlist.strings */ = {
			isa = PBXVariantGroup;
			children = (
				1C8D4A3819201461007CC334 /* en */,
			);
			name = InfoPlist.strings;
			sourceTree = "<group>";
		};
		1C8D4A4019201461007CC334 /* Main.storyboard */ = {
			isa = PBXVariantGroup;
			children = (
				1C8D4A4119201461007CC334 /* Base */,
			);
			name = Main.storyboard;
			sourceTree = "<group>";
		};
		1C8D4A5619201461007CC334 /* InfoPlist.strings */ = {
			isa = PBXVariantGroup;
			children = (
				1C8D4A5719201461007CC334 /* en */,
			);
			name = InfoPlist.strings;
			sourceTree = "<group>";
		};
/* End PBXVariantGroup section */

/* Begin XCBuildConfiguration section */
		1C8D4A5B19201461007CC334 /* Debug */ = {
			isa = XCBuildConfiguration;
			buildSettings = {
				ALWAYS_SEARCH_USER_PATHS = NO;
				CLANG_CXX_LANGUAGE_STANDARD = "gnu++0x";
				CLANG_CXX_LIBRARY = "libc++";
				CLANG_ENABLE_MODULES = YES;
				CLANG_ENABLE_OBJC_ARC = YES;
				CLANG_WARN_BOOL_CONVERSION = YES;
				CLANG_WARN_CONSTANT_CONVERSION = YES;
				CLANG_WARN_DIRECT_OBJC_ISA_USAGE = YES_ERROR;
				CLANG_WARN_EMPTY_BODY = YES;
				CLANG_WARN_ENUM_CONVERSION = YES;
				CLANG_WARN_INT_CONVERSION = YES;
				CLANG_WARN_OBJC_ROOT_CLASS = YES_ERROR;
				CLANG_WARN__DUPLICATE_METHOD_MATCH = YES;
				"CODE_SIGN_IDENTITY[sdk=iphoneos*]" = "iPhone Developer";
				COPY_PHASE_STRIP = NO;
				GCC_C_LANGUAGE_STANDARD = gnu99;
				GCC_DYNAMIC_NO_PIC = NO;
				GCC_OPTIMIZATION_LEVEL = 0;
				GCC_PREPROCESSOR_DEFINITIONS = (
					"DEBUG=1",
					"$(inherited)",
				);
				GCC_SYMBOLS_PRIVATE_EXTERN = NO;
				GCC_WARN_64_TO_32_BIT_CONVERSION = YES;
				GCC_WARN_ABOUT_RETURN_TYPE = YES_ERROR;
				GCC_WARN_UNDECLARED_SELECTOR = YES;
				GCC_WARN_UNINITIALIZED_AUTOS = YES_AGGRESSIVE;
				GCC_WARN_UNUSED_FUNCTION = YES;
				GCC_WARN_UNUSED_VARIABLE = YES;
				IPHONEOS_DEPLOYMENT_TARGET = 7.1;
				ONLY_ACTIVE_ARCH = YES;
				SDKROOT = iphoneos;
			};
			name = Debug;
		};
		1C8D4A5C19201461007CC334 /* Release */ = {
			isa = XCBuildConfiguration;
			buildSettings = {
				ALWAYS_SEARCH_USER_PATHS = NO;
				CLANG_CXX_LANGUAGE_STANDARD = "gnu++0x";
				CLANG_CXX_LIBRARY = "libc++";
				CLANG_ENABLE_MODULES = YES;
				CLANG_ENABLE_OBJC_ARC = YES;
				CLANG_WARN_BOOL_CONVERSION = YES;
				CLANG_WARN_CONSTANT_CONVERSION = YES;
				CLANG_WARN_DIRECT_OBJC_ISA_USAGE = YES_ERROR;
				CLANG_WARN_EMPTY_BODY = YES;
				CLANG_WARN_ENUM_CONVERSION = YES;
				CLANG_WARN_INT_CONVERSION = YES;
				CLANG_WARN_OBJC_ROOT_CLASS = YES_ERROR;
				CLANG_WARN__DUPLICATE_METHOD_MATCH = YES;
				"CODE_SIGN_IDENTITY[sdk=iphoneos*]" = "iPhone Developer";
				COPY_PHASE_STRIP = YES;
				ENABLE_NS_ASSERTIONS = NO;
				GCC_C_LANGUAGE_STANDARD = gnu99;
				GCC_WARN_64_TO_32_BIT_CONVERSION = YES;
				GCC_WARN_ABOUT_RETURN_TYPE = YES_ERROR;
				GCC_WARN_UNDECLARED_SELECTOR = YES;
				GCC_WARN_UNINITIALIZED_AUTOS = YES_AGGRESSIVE;
				GCC_WARN_UNUSED_FUNCTION = YES;
				GCC_WARN_UNUSED_VARIABLE = YES;
				IPHONEOS_DEPLOYMENT_TARGET = 7.1;
				SDKROOT = iphoneos;
				VALIDATE_PRODUCT = YES;
			};
			name = Release;
		};
		1C8D4A5E19201461007CC334 /* Debug */ = {
			isa = XCBuildConfiguration;
			buildSettings = {
				ASSETCATALOG_COMPILER_APPICON_NAME = AppIcon;
				ASSETCATALOG_COMPILER_LAUNCHIMAGE_NAME = LaunchImage;
				GCC_PRECOMPILE_PREFIX_HEADER = YES;
				GCC_PREFIX_HEADER = "1-7課題/1-7課題-Prefix.pch";
				INFOPLIST_FILE = "1-7課題/1-7課題-Info.plist";
				PRODUCT_NAME = "$(TARGET_NAME)";
				WRAPPER_EXTENSION = app;
			};
			name = Debug;
		};
		1C8D4A5F19201461007CC334 /* Release */ = {
			isa = XCBuildConfiguration;
			buildSettings = {
				ASSETCATALOG_COMPILER_APPICON_NAME = AppIcon;
				ASSETCATALOG_COMPILER_LAUNCHIMAGE_NAME = LaunchImage;
				GCC_PRECOMPILE_PREFIX_HEADER = YES;
				GCC_PREFIX_HEADER = "1-7課題/1-7課題-Prefix.pch";
				INFOPLIST_FILE = "1-7課題/1-7課題-Info.plist";
				PRODUCT_NAME = "$(TARGET_NAME)";
				WRAPPER_EXTENSION = app;
			};
			name = Release;
		};
		1C8D4A6119201461007CC334 /* Debug */ = {
			isa = XCBuildConfiguration;
			buildSettings = {
				BUNDLE_LOADER = "$(BUILT_PRODUCTS_DIR)/1-7課題.app/1-7課題";
				FRAMEWORK_SEARCH_PATHS = (
					"$(SDKROOT)/Developer/Library/Frameworks",
					"$(inherited)",
					"$(DEVELOPER_FRAMEWORKS_DIR)",
				);
				GCC_PRECOMPILE_PREFIX_HEADER = YES;
				GCC_PREFIX_HEADER = "1-7課題/1-7課題-Prefix.pch";
				GCC_PREPROCESSOR_DEFINITIONS = (
					"DEBUG=1",
					"$(inherited)",
				);
				INFOPLIST_FILE = "1-7課題Tests/1-7課題Tests-Info.plist";
				PRODUCT_NAME = "$(TARGET_NAME)";
				TEST_HOST = "$(BUNDLE_LOADER)";
				WRAPPER_EXTENSION = xctest;
			};
			name = Debug;
		};
		1C8D4A6219201461007CC334 /* Release */ = {
			isa = XCBuildConfiguration;
			buildSettings = {
				BUNDLE_LOADER = "$(BUILT_PRODUCTS_DIR)/1-7課題.app/1-7課題";
				FRAMEWORK_SEARCH_PATHS = (
					"$(SDKROOT)/Developer/Library/Frameworks",
					"$(inherited)",
					"$(DEVELOPER_FRAMEWORKS_DIR)",
				);
				GCC_PRECOMPILE_PREFIX_HEADER = YES;
				GCC_PREFIX_HEADER = "1-7課題/1-7課題-Prefix.pch";
				INFOPLIST_FILE = "1-7課題Tests/1-7課題Tests-Info.plist";
				PRODUCT_NAME = "$(TARGET_NAME)";
				TEST_HOST = "$(BUNDLE_LOADER)";
				WRAPPER_EXTENSION = xctest;
			};
			name = Release;
		};
/* End XCBuildConfiguration section */

/* Begin XCConfigurationList section */
		1C8D4A2619201461007CC334 /* Build configuration list for PBXProject "1-7課題" */ = {
			isa = XCConfigurationList;
			buildConfigurations = (
				1C8D4A5B19201461007CC334 /* Debug */,
				1C8D4A5C19201461007CC334 /* Release */,
			);
			defaultConfigurationIsVisible = 0;
			defaultConfigurationName = Release;
		};
		1C8D4A5D19201461007CC334 /* Build configuration list for PBXNativeTarget "1-7課題" */ = {
			isa = XCConfigurationList;
			buildConfigurations = (
				1C8D4A5E19201461007CC334 /* Debug */,
				1C8D4A5F19201461007CC334 /* Release */,
			);
			defaultConfigurationIsVisible = 0;
		};
		1C8D4A6019201461007CC334 /* Build configuration list for PBXNativeTarget "1-7課題Tests" */ = {
			isa = XCConfigurationList;
			buildConfigurations = (
				1C8D4A6119201461007CC334 /* Debug */,
				1C8D4A6219201461007CC334 /* Release */,
			);
			defaultConfigurationIsVisible = 0;
		};
/* End XCConfigurationList section */
	};
	rootObject = 1C8D4A2319201461007CC334 /* Project object */;
}
