// !$*UTF8*$!
{
	archiveVersion = 1;
	classes = {
	};
	objectVersion = 46;
	objects = {

/* Begin PBXBuildFile section */
		1C43D808191A112D0042BE5A /* Foundation.framework in Frameworks */ = {isa = PBXBuildFile; fileRef = 1C43D807191A112D0042BE5A /* Foundation.framework */; };
		1C43D80A191A112D0042BE5A /* CoreGraphics.framework in Frameworks */ = {isa = PBXBuildFile; fileRef = 1C43D809191A112D0042BE5A /* CoreGraphics.framework */; };
		1C43D80C191A112D0042BE5A /* UIKit.framework in Frameworks */ = {isa = PBXBuildFile; fileRef = 1C43D80B191A112D0042BE5A /* UIKit.framework */; };
		1C43D812191A112D0042BE5A /* InfoPlist.strings in Resources */ = {isa = PBXBuildFile; fileRef = 1C43D810191A112D0042BE5A /* InfoPlist.strings */; };
		1C43D814191A112D0042BE5A /* main.m in Sources */ = {isa = PBXBuildFile; fileRef = 1C43D813191A112D0042BE5A /* main.m */; };
		1C43D818191A112D0042BE5A /* AppDelegate.m in Sources */ = {isa = PBXBuildFile; fileRef = 1C43D817191A112D0042BE5A /* AppDelegate.m */; };
		1C43D81B191A112D0042BE5A /* Main.storyboard in Resources */ = {isa = PBXBuildFile; fileRef = 1C43D819191A112D0042BE5A /* Main.storyboard */; };
		1C43D81E191A112D0042BE5A /* ViewController.m in Sources */ = {isa = PBXBuildFile; fileRef = 1C43D81D191A112D0042BE5A /* ViewController.m */; };
		1C43D820191A112D0042BE5A /* Images.xcassets in Resources */ = {isa = PBXBuildFile; fileRef = 1C43D81F191A112D0042BE5A /* Images.xcassets */; };
		1C43D827191A112D0042BE5A /* XCTest.framework in Frameworks */ = {isa = PBXBuildFile; fileRef = 1C43D826191A112D0042BE5A /* XCTest.framework */; };
		1C43D828191A112D0042BE5A /* Foundation.framework in Frameworks */ = {isa = PBXBuildFile; fileRef = 1C43D807191A112D0042BE5A /* Foundation.framework */; };
		1C43D829191A112D0042BE5A /* UIKit.framework in Frameworks */ = {isa = PBXBuildFile; fileRef = 1C43D80B191A112D0042BE5A /* UIKit.framework */; };
		1C43D831191A112D0042BE5A /* InfoPlist.strings in Resources */ = {isa = PBXBuildFile; fileRef = 1C43D82F191A112D0042BE5A /* InfoPlist.strings */; };
		1C43D833191A112D0042BE5A /* __6kadai2Tests.m in Sources */ = {isa = PBXBuildFile; fileRef = 1C43D832191A112D0042BE5A /* __6kadai2Tests.m */; };
		1C43D841191A12230042BE5A /* TestQueue.m in Sources */ = {isa = PBXBuildFile; fileRef = 1C43D840191A12230042BE5A /* TestQueue.m */; };
		1C43D844191A123B0042BE5A /* TestStack.m in Sources */ = {isa = PBXBuildFile; fileRef = 1C43D843191A123B0042BE5A /* TestStack.m */; };
/* End PBXBuildFile section */

/* Begin PBXContainerItemProxy section */
		1C43D82A191A112D0042BE5A /* PBXContainerItemProxy */ = {
			isa = PBXContainerItemProxy;
			containerPortal = 1C43D7FC191A112D0042BE5A /* Project object */;
			proxyType = 1;
			remoteGlobalIDString = 1C43D803191A112D0042BE5A;
			remoteInfo = "1-6kadai2";
		};
/* End PBXContainerItemProxy section */

/* Begin PBXFileReference section */
		1C43D804191A112D0042BE5A /* 1-6kadai2.app */ = {isa = PBXFileReference; explicitFileType = wrapper.application; includeInIndex = 0; path = "1-6kadai2.app"; sourceTree = BUILT_PRODUCTS_DIR; };
		1C43D807191A112D0042BE5A /* Foundation.framework */ = {isa = PBXFileReference; lastKnownFileType = wrapper.framework; name = Foundation.framework; path = System/Library/Frameworks/Foundation.framework; sourceTree = SDKROOT; };
		1C43D809191A112D0042BE5A /* CoreGraphics.framework */ = {isa = PBXFileReference; lastKnownFileType = wrapper.framework; name = CoreGraphics.framework; path = System/Library/Frameworks/CoreGraphics.framework; sourceTree = SDKROOT; };
		1C43D80B191A112D0042BE5A /* UIKit.framework */ = {isa = PBXFileReference; lastKnownFileType = wrapper.framework; name = UIKit.framework; path = System/Library/Frameworks/UIKit.framework; sourceTree = SDKROOT; };
		1C43D80F191A112D0042BE5A /* 1-6kadai2-Info.plist */ = {isa = PBXFileReference; lastKnownFileType = text.plist.xml; path = "1-6kadai2-Info.plist"; sourceTree = "<group>"; };
		1C43D811191A112D0042BE5A /* en */ = {isa = PBXFileReference; lastKnownFileType = text.plist.strings; name = en; path = en.lproj/InfoPlist.strings; sourceTree = "<group>"; };
		1C43D813191A112D0042BE5A /* main.m */ = {isa = PBXFileReference; lastKnownFileType = sourcecode.c.objc; path = main.m; sourceTree = "<group>"; };
		1C43D815191A112D0042BE5A /* 1-6kadai2-Prefix.pch */ = {isa = PBXFileReference; lastKnownFileType = sourcecode.c.h; path = "1-6kadai2-Prefix.pch"; sourceTree = "<group>"; };
		1C43D816191A112D0042BE5A /* AppDelegate.h */ = {isa = PBXFileReference; lastKnownFileType = sourcecode.c.h; path = AppDelegate.h; sourceTree = "<group>"; };
		1C43D817191A112D0042BE5A /* AppDelegate.m */ = {isa = PBXFileReference; lastKnownFileType = sourcecode.c.objc; path = AppDelegate.m; sourceTree = "<group>"; };
		1C43D81A191A112D0042BE5A /* Base */ = {isa = PBXFileReference; lastKnownFileType = file.storyboard; name = Base; path = Base.lproj/Main.storyboard; sourceTree = "<group>"; };
		1C43D81C191A112D0042BE5A /* ViewController.h */ = {isa = PBXFileReference; lastKnownFileType = sourcecode.c.h; path = ViewController.h; sourceTree = "<group>"; };
		1C43D81D191A112D0042BE5A /* ViewController.m */ = {isa = PBXFileReference; lastKnownFileType = sourcecode.c.objc; path = ViewController.m; sourceTree = "<group>"; };
		1C43D81F191A112D0042BE5A /* Images.xcassets */ = {isa = PBXFileReference; lastKnownFileType = folder.assetcatalog; path = Images.xcassets; sourceTree = "<group>"; };
		1C43D825191A112D0042BE5A /* 1-6kadai2Tests.xctest */ = {isa = PBXFileReference; explicitFileType = wrapper.cfbundle; includeInIndex = 0; path = "1-6kadai2Tests.xctest"; sourceTree = BUILT_PRODUCTS_DIR; };
		1C43D826191A112D0042BE5A /* XCTest.framework */ = {isa = PBXFileReference; lastKnownFileType = wrapper.framework; name = XCTest.framework; path = Library/Frameworks/XCTest.framework; sourceTree = DEVELOPER_DIR; };
		1C43D82E191A112D0042BE5A /* 1-6kadai2Tests-Info.plist */ = {isa = PBXFileReference; lastKnownFileType = text.plist.xml; path = "1-6kadai2Tests-Info.plist"; sourceTree = "<group>"; };
		1C43D830191A112D0042BE5A /* en */ = {isa = PBXFileReference; lastKnownFileType = text.plist.strings; name = en; path = en.lproj/InfoPlist.strings; sourceTree = "<group>"; };
		1C43D832191A112D0042BE5A /* __6kadai2Tests.m */ = {isa = PBXFileReference; lastKnownFileType = sourcecode.c.objc; path = __6kadai2Tests.m; sourceTree = "<group>"; };
		1C43D83F191A12230042BE5A /* TestQueue.h */ = {isa = PBXFileReference; fileEncoding = 4; lastKnownFileType = sourcecode.c.h; name = TestQueue.h; path = ../TestQueue.h; sourceTree = "<group>"; };
		1C43D840191A12230042BE5A /* TestQueue.m */ = {isa = PBXFileReference; fileEncoding = 4; lastKnownFileType = sourcecode.c.objc; name = TestQueue.m; path = ../TestQueue.m; sourceTree = "<group>"; };
		1C43D842191A123B0042BE5A /* TestStack.h */ = {isa = PBXFileReference; fileEncoding = 4; lastKnownFileType = sourcecode.c.h; path = TestStack.h; sourceTree = "<group>"; };
		1C43D843191A123B0042BE5A /* TestStack.m */ = {isa = PBXFileReference; fileEncoding = 4; lastKnownFileType = sourcecode.c.objc; path = TestStack.m; sourceTree = "<group>"; };
/* End PBXFileReference section */

/* Begin PBXFrameworksBuildPhase section */
		1C43D801191A112D0042BE5A /* Frameworks */ = {
			isa = PBXFrameworksBuildPhase;
			buildActionMask = 2147483647;
			files = (
				1C43D80A191A112D0042BE5A /* CoreGraphics.framework in Frameworks */,
				1C43D80C191A112D0042BE5A /* UIKit.framework in Frameworks */,
				1C43D808191A112D0042BE5A /* Foundation.framework in Frameworks */,
			);
			runOnlyForDeploymentPostprocessing = 0;
		};
		1C43D822191A112D0042BE5A /* Frameworks */ = {
			isa = PBXFrameworksBuildPhase;
			buildActionMask = 2147483647;
			files = (
				1C43D827191A112D0042BE5A /* XCTest.framework in Frameworks */,
				1C43D829191A112D0042BE5A /* UIKit.framework in Frameworks */,
				1C43D828191A112D0042BE5A /* Foundation.framework in Frameworks */,
			);
			runOnlyForDeploymentPostprocessing = 0;
		};
/* End PBXFrameworksBuildPhase section */

/* Begin PBXGroup section */
		1C43D7FB191A112D0042BE5A = {
			isa = PBXGroup;
			children = (
				1C43D80D191A112D0042BE5A /* 1-6kadai2 */,
				1C43D82C191A112D0042BE5A /* 1-6kadai2Tests */,
				1C43D806191A112D0042BE5A /* Frameworks */,
				1C43D805191A112D0042BE5A /* Products */,
			);
			sourceTree = "<group>";
		};
		1C43D805191A112D0042BE5A /* Products */ = {
			isa = PBXGroup;
			children = (
				1C43D804191A112D0042BE5A /* 1-6kadai2.app */,
				1C43D825191A112D0042BE5A /* 1-6kadai2Tests.xctest */,
			);
			name = Products;
			sourceTree = "<group>";
		};
		1C43D806191A112D0042BE5A /* Frameworks */ = {
			isa = PBXGroup;
			children = (
				1C43D807191A112D0042BE5A /* Foundation.framework */,
				1C43D809191A112D0042BE5A /* CoreGraphics.framework */,
				1C43D80B191A112D0042BE5A /* UIKit.framework */,
				1C43D826191A112D0042BE5A /* XCTest.framework */,
			);
			name = Frameworks;
			sourceTree = "<group>";
		};
		1C43D80D191A112D0042BE5A /* 1-6kadai2 */ = {
			isa = PBXGroup;
			children = (
				1C43D842191A123B0042BE5A /* TestStack.h */,
				1C43D843191A123B0042BE5A /* TestStack.m */,
				1C43D83F191A12230042BE5A /* TestQueue.h */,
				1C43D840191A12230042BE5A /* TestQueue.m */,
				1C43D816191A112D0042BE5A /* AppDelegate.h */,
				1C43D817191A112D0042BE5A /* AppDelegate.m */,
				1C43D819191A112D0042BE5A /* Main.storyboard */,
				1C43D81C191A112D0042BE5A /* ViewController.h */,
				1C43D81D191A112D0042BE5A /* ViewController.m */,
				1C43D81F191A112D0042BE5A /* Images.xcassets */,
				1C43D80E191A112D0042BE5A /* Supporting Files */,
			);
			path = "1-6kadai2";
			sourceTree = "<group>";
		};
		1C43D80E191A112D0042BE5A /* Supporting Files */ = {
			isa = PBXGroup;
			children = (
				1C43D80F191A112D0042BE5A /* 1-6kadai2-Info.plist */,
				1C43D810191A112D0042BE5A /* InfoPlist.strings */,
				1C43D813191A112D0042BE5A /* main.m */,
				1C43D815191A112D0042BE5A /* 1-6kadai2-Prefix.pch */,
			);
			name = "Supporting Files";
			sourceTree = "<group>";
		};
		1C43D82C191A112D0042BE5A /* 1-6kadai2Tests */ = {
			isa = PBXGroup;
			children = (
				1C43D832191A112D0042BE5A /* __6kadai2Tests.m */,
				1C43D82D191A112D0042BE5A /* Supporting Files */,
			);
			path = "1-6kadai2Tests";
			sourceTree = "<group>";
		};
		1C43D82D191A112D0042BE5A /* Supporting Files */ = {
			isa = PBXGroup;
			children = (
				1C43D82E191A112D0042BE5A /* 1-6kadai2Tests-Info.plist */,
				1C43D82F191A112D0042BE5A /* InfoPlist.strings */,
			);
			name = "Supporting Files";
			sourceTree = "<group>";
		};
/* End PBXGroup section */

/* Begin PBXNativeTarget section */
		1C43D803191A112D0042BE5A /* 1-6kadai2 */ = {
			isa = PBXNativeTarget;
			buildConfigurationList = 1C43D836191A112D0042BE5A /* Build configuration list for PBXNativeTarget "1-6kadai2" */;
			buildPhases = (
				1C43D800191A112D0042BE5A /* Sources */,
				1C43D801191A112D0042BE5A /* Frameworks */,
				1C43D802191A112D0042BE5A /* Resources */,
			);
			buildRules = (
			);
			dependencies = (
			);
			name = "1-6kadai2";
			productName = "1-6kadai2";
			productReference = 1C43D804191A112D0042BE5A /* 1-6kadai2.app */;
			productType = "com.apple.product-type.application";
		};
		1C43D824191A112D0042BE5A /* 1-6kadai2Tests */ = {
			isa = PBXNativeTarget;
			buildConfigurationList = 1C43D839191A112D0042BE5A /* Build configuration list for PBXNativeTarget "1-6kadai2Tests" */;
			buildPhases = (
				1C43D821191A112D0042BE5A /* Sources */,
				1C43D822191A112D0042BE5A /* Frameworks */,
				1C43D823191A112D0042BE5A /* Resources */,
			);
			buildRules = (
			);
			dependencies = (
				1C43D82B191A112D0042BE5A /* PBXTargetDependency */,
			);
			name = "1-6kadai2Tests";
			productName = "1-6kadai2Tests";
			productReference = 1C43D825191A112D0042BE5A /* 1-6kadai2Tests.xctest */;
			productType = "com.apple.product-type.bundle.unit-test";
		};
/* End PBXNativeTarget section */

/* Begin PBXProject section */
		1C43D7FC191A112D0042BE5A /* Project object */ = {
			isa = PBXProject;
			attributes = {
				LastUpgradeCheck = 0510;
				ORGANIZATIONNAME = "kawashima yoshihiro";
				TargetAttributes = {
					1C43D824191A112D0042BE5A = {
						TestTargetID = 1C43D803191A112D0042BE5A;
					};
				};
			};
			buildConfigurationList = 1C43D7FF191A112D0042BE5A /* Build configuration list for PBXProject "1-6kadai2" */;
			compatibilityVersion = "Xcode 3.2";
			developmentRegion = English;
			hasScannedForEncodings = 0;
			knownRegions = (
				en,
				Base,
			);
			mainGroup = 1C43D7FB191A112D0042BE5A;
			productRefGroup = 1C43D805191A112D0042BE5A /* Products */;
			projectDirPath = "";
			projectRoot = "";
			targets = (
				1C43D803191A112D0042BE5A /* 1-6kadai2 */,
				1C43D824191A112D0042BE5A /* 1-6kadai2Tests */,
			);
		};
/* End PBXProject section */

/* Begin PBXResourcesBuildPhase section */
		1C43D802191A112D0042BE5A /* Resources */ = {
			isa = PBXResourcesBuildPhase;
			buildActionMask = 2147483647;
			files = (
				1C43D820191A112D0042BE5A /* Images.xcassets in Resources */,
				1C43D812191A112D0042BE5A /* InfoPlist.strings in Resources */,
				1C43D81B191A112D0042BE5A /* Main.storyboard in Resources */,
			);
			runOnlyForDeploymentPostprocessing = 0;
		};
		1C43D823191A112D0042BE5A /* Resources */ = {
			isa = PBXResourcesBuildPhase;
			buildActionMask = 2147483647;
			files = (
				1C43D831191A112D0042BE5A /* InfoPlist.strings in Resources */,
			);
			runOnlyForDeploymentPostprocessing = 0;
		};
/* End PBXResourcesBuildPhase section */

/* Begin PBXSourcesBuildPhase section */
		1C43D800191A112D0042BE5A /* Sources */ = {
			isa = PBXSourcesBuildPhase;
			buildActionMask = 2147483647;
			files = (
				1C43D81E191A112D0042BE5A /* ViewController.m in Sources */,
				1C43D818191A112D0042BE5A /* AppDelegate.m in Sources */,
				1C43D814191A112D0042BE5A /* main.m in Sources */,
				1C43D841191A12230042BE5A /* TestQueue.m in Sources */,
				1C43D844191A123B0042BE5A /* TestStack.m in Sources */,
			);
			runOnlyForDeploymentPostprocessing = 0;
		};
		1C43D821191A112D0042BE5A /* Sources */ = {
			isa = PBXSourcesBuildPhase;
			buildActionMask = 2147483647;
			files = (
				1C43D833191A112D0042BE5A /* __6kadai2Tests.m in Sources */,
			);
			runOnlyForDeploymentPostprocessing = 0;
		};
/* End PBXSourcesBuildPhase section */

/* Begin PBXTargetDependency section */
		1C43D82B191A112D0042BE5A /* PBXTargetDependency */ = {
			isa = PBXTargetDependency;
			target = 1C43D803191A112D0042BE5A /* 1-6kadai2 */;
			targetProxy = 1C43D82A191A112D0042BE5A /* PBXContainerItemProxy */;
		};
/* End PBXTargetDependency section */

/* Begin PBXVariantGroup section */
		1C43D810191A112D0042BE5A /* InfoPlist.strings */ = {
			isa = PBXVariantGroup;
			children = (
				1C43D811191A112D0042BE5A /* en */,
			);
			name = InfoPlist.strings;
			sourceTree = "<group>";
		};
		1C43D819191A112D0042BE5A /* Main.storyboard */ = {
			isa = PBXVariantGroup;
			children = (
				1C43D81A191A112D0042BE5A /* Base */,
			);
			name = Main.storyboard;
			sourceTree = "<group>";
		};
		1C43D82F191A112D0042BE5A /* InfoPlist.strings */ = {
			isa = PBXVariantGroup;
			children = (
				1C43D830191A112D0042BE5A /* en */,
			);
			name = InfoPlist.strings;
			sourceTree = "<group>";
		};
/* End PBXVariantGroup section */

/* Begin XCBuildConfiguration section */
		1C43D834191A112D0042BE5A /* Debug */ = {
			isa = XCBuildConfiguration;
			buildSettings = {
				ALWAYS_SEARCH_USER_PATHS = NO;
				CLANG_CXX_LANGUAGE_STANDARD = "gnu++0x";
				CLANG_CXX_LIBRARY = "libc++";
				CLANG_ENABLE_MODULES = YES;
				CLANG_ENABLE_OBJC_ARC = YES;
				CLANG_WARN_BOOL_CONVERSION = YES;
				CLANG_WARN_CONSTANT_CONVERSION = YES;
				CLANG_WARN_DIRECT_OBJC_ISA_USAGE = YES_ERROR;
				CLANG_WARN_EMPTY_BODY = YES;
				CLANG_WARN_ENUM_CONVERSION = YES;
				CLANG_WARN_INT_CONVERSION = YES;
				CLANG_WARN_OBJC_ROOT_CLASS = YES_ERROR;
				CLANG_WARN__DUPLICATE_METHOD_MATCH = YES;
				"CODE_SIGN_IDENTITY[sdk=iphoneos*]" = "iPhone Developer";
				COPY_PHASE_STRIP = NO;
				GCC_C_LANGUAGE_STANDARD = gnu99;
				GCC_DYNAMIC_NO_PIC = NO;
				GCC_OPTIMIZATION_LEVEL = 0;
				GCC_PREPROCESSOR_DEFINITIONS = (
					"DEBUG=1",
					"$(inherited)",
				);
				GCC_SYMBOLS_PRIVATE_EXTERN = NO;
				GCC_WARN_64_TO_32_BIT_CONVERSION = YES;
				GCC_WARN_ABOUT_RETURN_TYPE = YES_ERROR;
				GCC_WARN_UNDECLARED_SELECTOR = YES;
				GCC_WARN_UNINITIALIZED_AUTOS = YES_AGGRESSIVE;
				GCC_WARN_UNUSED_FUNCTION = YES;
				GCC_WARN_UNUSED_VARIABLE = YES;
				IPHONEOS_DEPLOYMENT_TARGET = 7.1;
				ONLY_ACTIVE_ARCH = YES;
				SDKROOT = iphoneos;
			};
			name = Debug;
		};
		1C43D835191A112D0042BE5A /* Release */ = {
			isa = XCBuildConfiguration;
			buildSettings = {
				ALWAYS_SEARCH_USER_PATHS = NO;
				CLANG_CXX_LANGUAGE_STANDARD = "gnu++0x";
				CLANG_CXX_LIBRARY = "libc++";
				CLANG_ENABLE_MODULES = YES;
				CLANG_ENABLE_OBJC_ARC = YES;
				CLANG_WARN_BOOL_CONVERSION = YES;
				CLANG_WARN_CONSTANT_CONVERSION = YES;
				CLANG_WARN_DIRECT_OBJC_ISA_USAGE = YES_ERROR;
				CLANG_WARN_EMPTY_BODY = YES;
				CLANG_WARN_ENUM_CONVERSION = YES;
				CLANG_WARN_INT_CONVERSION = YES;
				CLANG_WARN_OBJC_ROOT_CLASS = YES_ERROR;
				CLANG_WARN__DUPLICATE_METHOD_MATCH = YES;
				"CODE_SIGN_IDENTITY[sdk=iphoneos*]" = "iPhone Developer";
				COPY_PHASE_STRIP = YES;
				ENABLE_NS_ASSERTIONS = NO;
				GCC_C_LANGUAGE_STANDARD = gnu99;
				GCC_WARN_64_TO_32_BIT_CONVERSION = YES;
				GCC_WARN_ABOUT_RETURN_TYPE = YES_ERROR;
				GCC_WARN_UNDECLARED_SELECTOR = YES;
				GCC_WARN_UNINITIALIZED_AUTOS = YES_AGGRESSIVE;
				GCC_WARN_UNUSED_FUNCTION = YES;
				GCC_WARN_UNUSED_VARIABLE = YES;
				IPHONEOS_DEPLOYMENT_TARGET = 7.1;
				SDKROOT = iphoneos;
				VALIDATE_PRODUCT = YES;
			};
			name = Release;
		};
		1C43D837191A112D0042BE5A /* Debug */ = {
			isa = XCBuildConfiguration;
			buildSettings = {
				ASSETCATALOG_COMPILER_APPICON_NAME = AppIcon;
				ASSETCATALOG_COMPILER_LAUNCHIMAGE_NAME = LaunchImage;
				GCC_PRECOMPILE_PREFIX_HEADER = YES;
				GCC_PREFIX_HEADER = "1-6kadai2/1-6kadai2-Prefix.pch";
				INFOPLIST_FILE = "1-6kadai2/1-6kadai2-Info.plist";
				PRODUCT_NAME = "$(TARGET_NAME)";
				WRAPPER_EXTENSION = app;
			};
			name = Debug;
		};
		1C43D838191A112D0042BE5A /* Release */ = {
			isa = XCBuildConfiguration;
			buildSettings = {
				ASSETCATALOG_COMPILER_APPICON_NAME = AppIcon;
				ASSETCATALOG_COMPILER_LAUNCHIMAGE_NAME = LaunchImage;
				GCC_PRECOMPILE_PREFIX_HEADER = YES;
				GCC_PREFIX_HEADER = "1-6kadai2/1-6kadai2-Prefix.pch";
				INFOPLIST_FILE = "1-6kadai2/1-6kadai2-Info.plist";
				PRODUCT_NAME = "$(TARGET_NAME)";
				WRAPPER_EXTENSION = app;
			};
			name = Release;
		};
		1C43D83A191A112D0042BE5A /* Debug */ = {
			isa = XCBuildConfiguration;
			buildSettings = {
				BUNDLE_LOADER = "$(BUILT_PRODUCTS_DIR)/1-6kadai2.app/1-6kadai2";
				FRAMEWORK_SEARCH_PATHS = (
					"$(SDKROOT)/Developer/Library/Frameworks",
					"$(inherited)",
					"$(DEVELOPER_FRAMEWORKS_DIR)",
				);
				GCC_PRECOMPILE_PREFIX_HEADER = YES;
				GCC_PREFIX_HEADER = "1-6kadai2/1-6kadai2-Prefix.pch";
				GCC_PREPROCESSOR_DEFINITIONS = (
					"DEBUG=1",
					"$(inherited)",
				);
				INFOPLIST_FILE = "1-6kadai2Tests/1-6kadai2Tests-Info.plist";
				PRODUCT_NAME = "$(TARGET_NAME)";
				TEST_HOST = "$(BUNDLE_LOADER)";
				WRAPPER_EXTENSION = xctest;
			};
			name = Debug;
		};
		1C43D83B191A112D0042BE5A /* Release */ = {
			isa = XCBuildConfiguration;
			buildSettings = {
				BUNDLE_LOADER = "$(BUILT_PRODUCTS_DIR)/1-6kadai2.app/1-6kadai2";
				FRAMEWORK_SEARCH_PATHS = (
					"$(SDKROOT)/Developer/Library/Frameworks",
					"$(inherited)",
					"$(DEVELOPER_FRAMEWORKS_DIR)",
				);
				GCC_PRECOMPILE_PREFIX_HEADER = YES;
				GCC_PREFIX_HEADER = "1-6kadai2/1-6kadai2-Prefix.pch";
				INFOPLIST_FILE = "1-6kadai2Tests/1-6kadai2Tests-Info.plist";
				PRODUCT_NAME = "$(TARGET_NAME)";
				TEST_HOST = "$(BUNDLE_LOADER)";
				WRAPPER_EXTENSION = xctest;
			};
			name = Release;
		};
/* End XCBuildConfiguration section */

/* Begin XCConfigurationList section */
		1C43D7FF191A112D0042BE5A /* Build configuration list for PBXProject "1-6kadai2" */ = {
			isa = XCConfigurationList;
			buildConfigurations = (
				1C43D834191A112D0042BE5A /* Debug */,
				1C43D835191A112D0042BE5A /* Release */,
			);
			defaultConfigurationIsVisible = 0;
			defaultConfigurationName = Release;
		};
		1C43D836191A112D0042BE5A /* Build configuration list for PBXNativeTarget "1-6kadai2" */ = {
			isa = XCConfigurationList;
			buildConfigurations = (
				1C43D837191A112D0042BE5A /* Debug */,
				1C43D838191A112D0042BE5A /* Release */,
			);
			defaultConfigurationIsVisible = 0;
		};
		1C43D839191A112D0042BE5A /* Build configuration list for PBXNativeTarget "1-6kadai2Tests" */ = {
			isa = XCConfigurationList;
			buildConfigurations = (
				1C43D83A191A112D0042BE5A /* Debug */,
				1C43D83B191A112D0042BE5A /* Release */,
			);
			defaultConfigurationIsVisible = 0;
		};
/* End XCConfigurationList section */
	};
	rootObject = 1C43D7FC191A112D0042BE5A /* Project object */;
}
